
Microsoft Visual Studio Solution File, Format Version 12.00
# Visual Studio Version 17
VisualStudioVersion = 17.10.35122.118
MinimumVisualStudioVersion = 10.0.40219.1
Project("{888888A0-9F3D-457C-B088-3A5042F75D52}") = "UsersDataGenerator", "UsersDataGenerator.pyproj", "{EA2E9354-798E-49F1-B886-7B0D815EF870}"
EndProject
Global
	GlobalSection(SolutionConfigurationPlatforms) = preSolution
		Debug|Any CPU = Debug|Any CPU
		Release|Any CPU = Release|Any CPU
	EndGlobalSection
	GlobalSection(ProjectConfigurationPlatforms) = postSolution
		{EA2E9354-798E-49F1-B886-7B0D815EF870}.Debug|Any CPU.ActiveCfg = Debug|Any CPU
		{EA2E9354-798E-49F1-B886-7B0D815EF870}.Release|Any CPU.ActiveCfg = Release|Any CPU
	EndGlobalSection
	GlobalSection(SolutionProperties) = preSolution
		HideSolutionNode = FALSE
	EndGlobalSection
	GlobalSection(ExtensibilityGlobals) = postSolution
		SolutionGuid = {4472B48C-66E8-4DF5-A8B4-F31CFE4C7A11}
	EndGlobalSection
EndGlobal
